
Microsoft Visual Studio Solution File, Format Version 12.00
# Visual Studio 14
VisualStudioVersion = 14.0.25420.1
MinimumVisualStudioVersion = 10.0.40219.1
Project("{FAE04EC0-301F-11D3-BF4B-00C04F79EFBC}") = "API", "API\API.csproj", "{797688AA-7B99-47D5-90A9-4B7C5CFD4E11}"
EndProject
Project("{FAE04EC0-301F-11D3-BF4B-00C04F79EFBC}") = "API.Domain.Entities", "API.Domain.Entities\API.Domain.Entities.csproj", "{5CF032EC-82DA-4BE9-9670-2C19ADE0A41E}"
EndProject
Global
	GlobalSection(SolutionConfigurationPlatforms) = preSolution
		Debug|Any CPU = Debug|Any CPU
		Release|Any CPU = Release|Any CPU
	EndGlobalSection
	GlobalSection(ProjectConfigurationPlatforms) = postSolution
		{797688AA-7B99-47D5-90A9-4B7C5CFD4E11}.Debug|Any CPU.ActiveCfg = Debug|Any CPU
		{797688AA-7B99-47D5-90A9-4B7C5CFD4E11}.Debug|Any CPU.Build.0 = Debug|Any CPU
		{797688AA-7B99-47D5-90A9-4B7C5CFD4E11}.Release|Any CPU.ActiveCfg = Release|Any CPU
		{797688AA-7B99-47D5-90A9-4B7C5CFD4E11}.Release|Any CPU.Build.0 = Release|Any CPU
		{5CF032EC-82DA-4BE9-9670-2C19ADE0A41E}.Debug|Any CPU.ActiveCfg = Debug|Any CPU
		{5CF032EC-82DA-4BE9-9670-2C19ADE0A41E}.Debug|Any CPU.Build.0 = Debug|Any CPU
		{5CF032EC-82DA-4BE9-9670-2C19ADE0A41E}.Release|Any CPU.ActiveCfg = Release|Any CPU
		{5CF032EC-82DA-4BE9-9670-2C19ADE0A41E}.Release|Any CPU.Build.0 = Release|Any CPU
	EndGlobalSection
	GlobalSection(SolutionProperties) = preSolution
		HideSolutionNode = FALSE
	EndGlobalSection
EndGlobal
